
Microsoft Visual Studio Solution File, Format Version 12.00
# Visual Studio Version 17
VisualStudioVersion = 17.7.34024.191
MinimumVisualStudioVersion = 10.0.40219.1
Project("{FAE04EC0-301F-11D3-BF4B-00C04F79EFBC}") = "Laba1 Sem 1", "Laba1 Sem 1\Laba1 Sem 1.csproj", "{656F6659-E2E7-445F-A59F-6F8235BB99F5}"
EndProject
Global
	GlobalSection(SolutionConfigurationPlatforms) = preSolution
		Debug|Any CPU = Debug|Any CPU
		Release|Any CPU = Release|Any CPU
	EndGlobalSection
	GlobalSection(ProjectConfigurationPlatforms) = postSolution
		{656F6659-E2E7-445F-A59F-6F8235BB99F5}.Debug|Any CPU.ActiveCfg = Debug|Any CPU
		{656F6659-E2E7-445F-A59F-6F8235BB99F5}.Debug|Any CPU.Build.0 = Debug|Any CPU
		{656F6659-E2E7-445F-A59F-6F8235BB99F5}.Release|Any CPU.ActiveCfg = Release|Any CPU
		{656F6659-E2E7-445F-A59F-6F8235BB99F5}.Release|Any CPU.Build.0 = Release|Any CPU
	EndGlobalSection
	GlobalSection(SolutionProperties) = preSolution
		HideSolutionNode = FALSE
	EndGlobalSection
	GlobalSection(ExtensibilityGlobals) = postSolution
		SolutionGuid = {FA8C5BA9-D9A4-4941-B905-3B14301B1C99}
	EndGlobalSection
EndGlobal
